
Microsoft Visual Studio Solution File, Format Version 12.00
# Visual Studio 2012
Project("{FAE04EC0-301F-11D3-BF4B-00C04F79EFBC}") = "Chess", "Chess\Chess.csproj", "{CCD13054-E95F-4CAC-98DA-626A1332E62B}"
EndProject
Global
	GlobalSection(SolutionConfigurationPlatforms) = preSolution
		Debug|Any CPU = Debug|Any CPU
		Release|Any CPU = Release|Any CPU
	EndGlobalSection
	GlobalSection(ProjectConfigurationPlatforms) = postSolution
		{CCD13054-E95F-4CAC-98DA-626A1332E62B}.Debug|Any CPU.ActiveCfg = Debug|Any CPU
		{CCD13054-E95F-4CAC-98DA-626A1332E62B}.Debug|Any CPU.Build.0 = Debug|Any CPU
		{CCD13054-E95F-4CAC-98DA-626A1332E62B}.Release|Any CPU.ActiveCfg = Release|Any CPU
		{CCD13054-E95F-4CAC-98DA-626A1332E62B}.Release|Any CPU.Build.0 = Release|Any CPU
	EndGlobalSection
	GlobalSection(SolutionProperties) = preSolution
		HideSolutionNode = FALSE
	EndGlobalSection
EndGlobal
